// !$*UTF8*$!
{
	archiveVersion = 1;
	classes = {
	};
	objectVersion = 50;
	objects = {

/* Begin PBXBuildFile section */
		D109019626850A14001FFF37 /* AppDelegate.swift in Sources */ = {isa = PBXBuildFile; fileRef = D109019526850A14001FFF37 /* AppDelegate.swift */; };
		D109019826850A14001FFF37 /* SceneDelegate.swift in Sources */ = {isa = PBXBuildFile; fileRef = D109019726850A14001FFF37 /* SceneDelegate.swift */; };
		D109019A26850A14001FFF37 /* ViewController.swift in Sources */ = {isa = PBXBuildFile; fileRef = D109019926850A14001FFF37 /* ViewController.swift */; };
		D109019D26850A14001FFF37 /* Main.storyboard in Resources */ = {isa = PBXBuildFile; fileRef = D109019B26850A14001FFF37 /* Main.storyboard */; };
		D109019F26850A17001FFF37 /* Assets.xcassets in Resources */ = {isa = PBXBuildFile; fileRef = D109019E26850A17001FFF37 /* Assets.xcassets */; };
		D10901A226850A17001FFF37 /* LaunchScreen.storyboard in Resources */ = {isa = PBXBuildFile; fileRef = D10901A026850A17001FFF37 /* LaunchScreen.storyboard */; };
		D10901AA26850A67001FFF37 /* MyTableViewCell.swift in Sources */ = {isa = PBXBuildFile; fileRef = D10901A926850A67001FFF37 /* MyTableViewCell.swift */; };
		D10901AF26850E6B001FFF37 /* AzureCommunicationChat.framework in Frameworks */ = {isa = PBXBuildFile; fileRef = D10901AE26850E6B001FFF37 /* AzureCommunicationChat.framework */; };
		D10901B126850E6E001FFF37 /* AzureCommunicationCommon.framework in Frameworks */ = {isa = PBXBuildFile; fileRef = D10901B026850E6E001FFF37 /* AzureCommunicationCommon.framework */; };
		D10901B526850FE1001FFF37 /* MyTableViewCell.xib in Resources */ = {isa = PBXBuildFile; fileRef = D10901B426850FE1001FFF37 /* MyTableViewCell.xib */; };
/* End PBXBuildFile section */

/* Begin PBXFileReference section */
		D109019226850A14001FFF37 /* SignalingTest.app */ = {isa = PBXFileReference; explicitFileType = wrapper.application; includeInIndex = 0; path = SignalingTest.app; sourceTree = BUILT_PRODUCTS_DIR; };
		D109019526850A14001FFF37 /* AppDelegate.swift */ = {isa = PBXFileReference; lastKnownFileType = sourcecode.swift; path = AppDelegate.swift; sourceTree = "<group>"; };
		D109019726850A14001FFF37 /* SceneDelegate.swift */ = {isa = PBXFileReference; lastKnownFileType = sourcecode.swift; path = SceneDelegate.swift; sourceTree = "<group>"; };
		D109019926850A14001FFF37 /* ViewController.swift */ = {isa = PBXFileReference; lastKnownFileType = sourcecode.swift; path = ViewController.swift; sourceTree = "<group>"; };
		D109019C26850A14001FFF37 /* Base */ = {isa = PBXFileReference; lastKnownFileType = file.storyboard; name = Base; path = Base.lproj/Main.storyboard; sourceTree = "<group>"; };
		D109019E26850A17001FFF37 /* Assets.xcassets */ = {isa = PBXFileReference; lastKnownFileType = folder.assetcatalog; path = Assets.xcassets; sourceTree = "<group>"; };
		D10901A126850A17001FFF37 /* Base */ = {isa = PBXFileReference; lastKnownFileType = file.storyboard; name = Base; path = Base.lproj/LaunchScreen.storyboard; sourceTree = "<group>"; };
		D10901A326850A17001FFF37 /* Info.plist */ = {isa = PBXFileReference; lastKnownFileType = text.plist.xml; path = Info.plist; sourceTree = "<group>"; };
		D10901A926850A67001FFF37 /* MyTableViewCell.swift */ = {isa = PBXFileReference; lastKnownFileType = sourcecode.swift; path = MyTableViewCell.swift; sourceTree = "<group>"; };
		D10901AE26850E6B001FFF37 /* AzureCommunicationChat.framework */ = {isa = PBXFileReference; explicitFileType = wrapper.framework; path = AzureCommunicationChat.framework; sourceTree = BUILT_PRODUCTS_DIR; };
		D10901B026850E6E001FFF37 /* AzureCommunicationCommon.framework */ = {isa = PBXFileReference; explicitFileType = wrapper.framework; path = AzureCommunicationCommon.framework; sourceTree = BUILT_PRODUCTS_DIR; };
		D10901B426850FE1001FFF37 /* MyTableViewCell.xib */ = {isa = PBXFileReference; lastKnownFileType = file.xib; path = MyTableViewCell.xib; sourceTree = "<group>"; };
/* End PBXFileReference section */

/* Begin PBXFrameworksBuildPhase section */
		D109018F26850A14001FFF37 /* Frameworks */ = {
			isa = PBXFrameworksBuildPhase;
			buildActionMask = 2147483647;
			files = (
				D10901B126850E6E001FFF37 /* AzureCommunicationCommon.framework in Frameworks */,
				D10901AF26850E6B001FFF37 /* AzureCommunicationChat.framework in Frameworks */,
			);
			runOnlyForDeploymentPostprocessing = 0;
		};
/* End PBXFrameworksBuildPhase section */

/* Begin PBXGroup section */
		D109018926850A14001FFF37 = {
			isa = PBXGroup;
			children = (
				D109019426850A14001FFF37 /* SignalingTest */,
				D109019326850A14001FFF37 /* Products */,
				D10901AD26850E6B001FFF37 /* Frameworks */,
			);
			sourceTree = "<group>";
		};
		D109019326850A14001FFF37 /* Products */ = {
			isa = PBXGroup;
			children = (
				D109019226850A14001FFF37 /* SignalingTest.app */,
			);
			name = Products;
			sourceTree = "<group>";
		};
		D109019426850A14001FFF37 /* SignalingTest */ = {
			isa = PBXGroup;
			children = (
				D109019526850A14001FFF37 /* AppDelegate.swift */,
				D109019726850A14001FFF37 /* SceneDelegate.swift */,
				D109019926850A14001FFF37 /* ViewController.swift */,
				D109019B26850A14001FFF37 /* Main.storyboard */,
				D109019E26850A17001FFF37 /* Assets.xcassets */,
				D10901A026850A17001FFF37 /* LaunchScreen.storyboard */,
				D10901A326850A17001FFF37 /* Info.plist */,
				D10901A926850A67001FFF37 /* MyTableViewCell.swift */,
				D10901B426850FE1001FFF37 /* MyTableViewCell.xib */,
			);
			path = SignalingTest;
			sourceTree = "<group>";
		};
		D10901AD26850E6B001FFF37 /* Frameworks */ = {
			isa = PBXGroup;
			children = (
				D10901B026850E6E001FFF37 /* AzureCommunicationCommon.framework */,
				D10901AE26850E6B001FFF37 /* AzureCommunicationChat.framework */,
			);
			name = Frameworks;
			sourceTree = "<group>";
		};
/* End PBXGroup section */

/* Begin PBXNativeTarget section */
		D109019126850A14001FFF37 /* SignalingTest */ = {
			isa = PBXNativeTarget;
			buildConfigurationList = D10901A626850A17001FFF37 /* Build configuration list for PBXNativeTarget "SignalingTest" */;
			buildPhases = (
				D109018E26850A14001FFF37 /* Sources */,
				D109018F26850A14001FFF37 /* Frameworks */,
				D109019026850A14001FFF37 /* Resources */,
			);
			buildRules = (
			);
			dependencies = (
			);
			name = SignalingTest;
			productName = SignalingTest;
			productReference = D109019226850A14001FFF37 /* SignalingTest.app */;
			productType = "com.apple.product-type.application";
		};
/* End PBXNativeTarget section */

/* Begin PBXProject section */
		D109018A26850A14001FFF37 /* Project object */ = {
			isa = PBXProject;
			attributes = {
				LastSwiftUpdateCheck = 1250;
				LastUpgradeCheck = 1250;
				TargetAttributes = {
					D109019126850A14001FFF37 = {
						CreatedOnToolsVersion = 12.5;
					};
				};
			};
			buildConfigurationList = D109018D26850A14001FFF37 /* Build configuration list for PBXProject "SignalingTest" */;
			compatibilityVersion = "Xcode 9.3";
			developmentRegion = en;
			hasScannedForEncodings = 0;
			knownRegions = (
				en,
				Base,
			);
			mainGroup = D109018926850A14001FFF37;
			productRefGroup = D109019326850A14001FFF37 /* Products */;
			projectDirPath = "";
			projectRoot = "";
			targets = (
				D109019126850A14001FFF37 /* SignalingTest */,
			);
		};
/* End PBXProject section */

/* Begin PBXResourcesBuildPhase section */
		D109019026850A14001FFF37 /* Resources */ = {
			isa = PBXResourcesBuildPhase;
			buildActionMask = 2147483647;
			files = (
				D10901A226850A17001FFF37 /* LaunchScreen.storyboard in Resources */,
				D10901B526850FE1001FFF37 /* MyTableViewCell.xib in Resources */,
				D109019F26850A17001FFF37 /* Assets.xcassets in Resources */,
				D109019D26850A14001FFF37 /* Main.storyboard in Resources */,
			);
			runOnlyForDeploymentPostprocessing = 0;
		};
/* End PBXResourcesBuildPhase section */

/* Begin PBXSourcesBuildPhase section */
		D109018E26850A14001FFF37 /* Sources */ = {
			isa = PBXSourcesBuildPhase;
			buildActionMask = 2147483647;
			files = (
				D109019A26850A14001FFF37 /* ViewController.swift in Sources */,
				D10901AA26850A67001FFF37 /* MyTableViewCell.swift in Sources */,
				D109019626850A14001FFF37 /* AppDelegate.swift in Sources */,
				D109019826850A14001FFF37 /* SceneDelegate.swift in Sources */,
			);
			runOnlyForDeploymentPostprocessing = 0;
		};
/* End PBXSourcesBuildPhase section */

/* Begin PBXVariantGroup section */
		D109019B26850A14001FFF37 /* Main.storyboard */ = {
			isa = PBXVariantGroup;
			children = (
				D109019C26850A14001FFF37 /* Base */,
			);
			name = Main.storyboard;
			sourceTree = "<group>";
		};
		D10901A026850A17001FFF37 /* LaunchScreen.storyboard */ = {
			isa = PBXVariantGroup;
			children = (
				D10901A126850A17001FFF37 /* Base */,
			);
			name = LaunchScreen.storyboard;
			sourceTree = "<group>";
		};
/* End PBXVariantGroup section */

/* Begin XCBuildConfiguration section */
		D10901A426850A17001FFF37 /* Debug */ = {
			isa = XCBuildConfiguration;
			buildSettings = {
				ALWAYS_SEARCH_USER_PATHS = NO;
				CLANG_ANALYZER_NONNULL = YES;
				CLANG_ANALYZER_NUMBER_OBJECT_CONVERSION = YES_AGGRESSIVE;
				CLANG_CXX_LANGUAGE_STANDARD = "gnu++14";
				CLANG_CXX_LIBRARY = "libc++";
				CLANG_ENABLE_MODULES = YES;
				CLANG_ENABLE_OBJC_ARC = YES;
				CLANG_ENABLE_OBJC_WEAK = YES;
				CLANG_WARN_BLOCK_CAPTURE_AUTORELEASING = YES;
				CLANG_WARN_BOOL_CONVERSION = YES;
				CLANG_WARN_COMMA = YES;
				CLANG_WARN_CONSTANT_CONVERSION = YES;
				CLANG_WARN_DEPRECATED_OBJC_IMPLEMENTATIONS = YES;
				CLANG_WARN_DIRECT_OBJC_ISA_USAGE = YES_ERROR;
				CLANG_WARN_DOCUMENTATION_COMMENTS = YES;
				CLANG_WARN_EMPTY_BODY = YES;
				CLANG_WARN_ENUM_CONVERSION = YES;
				CLANG_WARN_INFINITE_RECURSION = YES;
				CLANG_WARN_INT_CONVERSION = YES;
				CLANG_WARN_NON_LITERAL_NULL_CONVERSION = YES;
				CLANG_WARN_OBJC_IMPLICIT_RETAIN_SELF = YES;
				CLANG_WARN_OBJC_LITERAL_CONVERSION = YES;
				CLANG_WARN_OBJC_ROOT_CLASS = YES_ERROR;
				CLANG_WARN_QUOTED_INCLUDE_IN_FRAMEWORK_HEADER = YES;
				CLANG_WARN_RANGE_LOOP_ANALYSIS = YES;
				CLANG_WARN_STRICT_PROTOTYPES = YES;
				CLANG_WARN_SUSPICIOUS_MOVE = YES;
				CLANG_WARN_UNGUARDED_AVAILABILITY = YES_AGGRESSIVE;
				CLANG_WARN_UNREACHABLE_CODE = YES;
				CLANG_WARN__DUPLICATE_METHOD_MATCH = YES;
				COPY_PHASE_STRIP = NO;
				DEBUG_INFORMATION_FORMAT = dwarf;
				ENABLE_STRICT_OBJC_MSGSEND = YES;
				ENABLE_TESTABILITY = YES;
				GCC_C_LANGUAGE_STANDARD = gnu11;
				GCC_DYNAMIC_NO_PIC = NO;
				GCC_NO_COMMON_BLOCKS = YES;
				GCC_OPTIMIZATION_LEVEL = 0;
				GCC_PREPROCESSOR_DEFINITIONS = (
					"DEBUG=1",
					"$(inherited)",
				);
				GCC_WARN_64_TO_32_BIT_CONVERSION = YES;
				GCC_WARN_ABOUT_RETURN_TYPE = YES_ERROR;
				GCC_WARN_UNDECLARED_SELECTOR = YES;
				GCC_WARN_UNINITIALIZED_AUTOS = YES_AGGRESSIVE;
				GCC_WARN_UNUSED_FUNCTION = YES;
				GCC_WARN_UNUSED_VARIABLE = YES;
				IPHONEOS_DEPLOYMENT_TARGET = 14.5;
				MTL_ENABLE_DEBUG_INFO = INCLUDE_SOURCE;
				MTL_FAST_MATH = YES;
				ONLY_ACTIVE_ARCH = YES;
				SDKROOT = iphoneos;
				SWIFT_ACTIVE_COMPILATION_CONDITIONS = DEBUG;
				SWIFT_OPTIMIZATION_LEVEL = "-Onone";
			};
			name = Debug;
		};
		D10901A526850A17001FFF37 /* Release */ = {
			isa = XCBuildConfiguration;
			buildSettings = {
				ALWAYS_SEARCH_USER_PATHS = NO;
				CLANG_ANALYZER_NONNULL = YES;
				CLANG_ANALYZER_NUMBER_OBJECT_CONVERSION = YES_AGGRESSIVE;
				CLANG_CXX_LANGUAGE_STANDARD = "gnu++14";
				CLANG_CXX_LIBRARY = "libc++";
				CLANG_ENABLE_MODULES = YES;
				CLANG_ENABLE_OBJC_ARC = YES;
				CLANG_ENABLE_OBJC_WEAK = YES;
				CLANG_WARN_BLOCK_CAPTURE_AUTORELEASING = YES;
				CLANG_WARN_BOOL_CONVERSION = YES;
				CLANG_WARN_COMMA = YES;
				CLANG_WARN_CONSTANT_CONVERSION = YES;
				CLANG_WARN_DEPRECATED_OBJC_IMPLEMENTATIONS = YES;
				CLANG_WARN_DIRECT_OBJC_ISA_USAGE = YES_ERROR;
				CLANG_WARN_DOCUMENTATION_COMMENTS = YES;
				CLANG_WARN_EMPTY_BODY = YES;
				CLANG_WARN_ENUM_CONVERSION = YES;
				CLANG_WARN_INFINITE_RECURSION = YES;
				CLANG_WARN_INT_CONVERSION = YES;
				CLANG_WARN_NON_LITERAL_NULL_CONVERSION = YES;
				CLANG_WARN_OBJC_IMPLICIT_RETAIN_SELF = YES;
				CLANG_WARN_OBJC_LITERAL_CONVERSION = YES;
				CLANG_WARN_OBJC_ROOT_CLASS = YES_ERROR;
				CLANG_WARN_QUOTED_INCLUDE_IN_FRAMEWORK_HEADER = YES;
				CLANG_WARN_RANGE_LOOP_ANALYSIS = YES;
				CLANG_WARN_STRICT_PROTOTYPES = YES;
				CLANG_WARN_SUSPICIOUS_MOVE = YES;
				CLANG_WARN_UNGUARDED_AVAILABILITY = YES_AGGRESSIVE;
				CLANG_WARN_UNREACHABLE_CODE = YES;
				CLANG_WARN__DUPLICATE_METHOD_MATCH = YES;
				COPY_PHASE_STRIP = NO;
				DEBUG_INFORMATION_FORMAT = "dwarf-with-dsym";
				ENABLE_NS_ASSERTIONS = NO;
				ENABLE_STRICT_OBJC_MSGSEND = YES;
				GCC_C_LANGUAGE_STANDARD = gnu11;
				GCC_NO_COMMON_BLOCKS = YES;
				GCC_WARN_64_TO_32_BIT_CONVERSION = YES;
				GCC_WARN_ABOUT_RETURN_TYPE = YES_ERROR;
				GCC_WARN_UNDECLARED_SELECTOR = YES;
				GCC_WARN_UNINITIALIZED_AUTOS = YES_AGGRESSIVE;
				GCC_WARN_UNUSED_FUNCTION = YES;
				GCC_WARN_UNUSED_VARIABLE = YES;
				IPHONEOS_DEPLOYMENT_TARGET = 14.5;
				MTL_ENABLE_DEBUG_INFO = NO;
				MTL_FAST_MATH = YES;
				SDKROOT = iphoneos;
				SWIFT_COMPILATION_MODE = wholemodule;
				SWIFT_OPTIMIZATION_LEVEL = "-O";
				VALIDATE_PRODUCT = YES;
			};
			name = Release;
		};
		D10901A726850A17001FFF37 /* Debug */ = {
			isa = XCBuildConfiguration;
			buildSettings = {
				ASSETCATALOG_COMPILER_APPICON_NAME = AppIcon;
				ASSETCATALOG_COMPILER_GLOBAL_ACCENT_COLOR_NAME = AccentColor;
				CODE_SIGN_STYLE = Automatic;
				INFOPLIST_FILE = SignalingTest/Info.plist;
				LD_RUNPATH_SEARCH_PATHS = (
					"$(inherited)",
					"@executable_path/Frameworks",
				);
				PRODUCT_BUNDLE_IDENTIFIER = com.azure.communication.AzureCommunicationChatTest.SignalingTest;
				PRODUCT_NAME = "$(TARGET_NAME)";
				SWIFT_VERSION = 5.0;
				TARGETED_DEVICE_FAMILY = "1,2";
			};
			name = Debug;
		};
		D10901A826850A17001FFF37 /* Release */ = {
			isa = XCBuildConfiguration;
			buildSettings = {
				ASSETCATALOG_COMPILER_APPICON_NAME = AppIcon;
				ASSETCATALOG_COMPILER_GLOBAL_ACCENT_COLOR_NAME = AccentColor;
				CODE_SIGN_STYLE = Automatic;
				INFOPLIST_FILE = SignalingTest/Info.plist;
				LD_RUNPATH_SEARCH_PATHS = (
					"$(inherited)",
					"@executable_path/Frameworks",
				);
				PRODUCT_BUNDLE_IDENTIFIER = com.azure.communication.AzureCommunicationChatTest.SignalingTest;
				PRODUCT_NAME = "$(TARGET_NAME)";
				SWIFT_VERSION = 5.0;
				TARGETED_DEVICE_FAMILY = "1,2";
			};
			name = Release;
		};
/* End XCBuildConfiguration section */

/* Begin XCConfigurationList section */
		D109018D26850A14001FFF37 /* Build configuration list for PBXProject "SignalingTest" */ = {
			isa = XCConfigurationList;
			buildConfigurations = (
				D10901A426850A17001FFF37 /* Debug */,
				D10901A526850A17001FFF37 /* Release */,
			);
			defaultConfigurationIsVisible = 0;
			defaultConfigurationName = Release;
		};
		D10901A626850A17001FFF37 /* Build configuration list for PBXNativeTarget "SignalingTest" */ = {
			isa = XCConfigurationList;
			buildConfigurations = (
				D10901A726850A17001FFF37 /* Debug */,
				D10901A826850A17001FFF37 /* Release */,
			);
			defaultConfigurationIsVisible = 0;
			defaultConfigurationName = Release;
		};
/* End XCConfigurationList section */
	};
	rootObject = D109018A26850A14001FFF37 /* Project object */;
}
